
Microsoft Visual Studio Solution File, Format Version 12.00
# Visual Studio Version 17
VisualStudioVersion = 17.4.33205.214
MinimumVisualStudioVersion = 10.0.40219.1
Project("{FAE04EC0-301F-11D3-BF4B-00C04F79EFBC}") = "MusicApplication", "MusicApplication.csproj", "{F018BA15-1C12-4F48-9397-00483C31FC9E}"
EndProject
Global
	GlobalSection(SolutionConfigurationPlatforms) = preSolution
		Debug|Any CPU = Debug|Any CPU
		Release|Any CPU = Release|Any CPU
	EndGlobalSection
	GlobalSection(ProjectConfigurationPlatforms) = postSolution
		{F018BA15-1C12-4F48-9397-00483C31FC9E}.Debug|Any CPU.ActiveCfg = Debug|Any CPU
		{F018BA15-1C12-4F48-9397-00483C31FC9E}.Debug|Any CPU.Build.0 = Debug|Any CPU
		{F018BA15-1C12-4F48-9397-00483C31FC9E}.Release|Any CPU.ActiveCfg = Release|Any CPU
		{F018BA15-1C12-4F48-9397-00483C31FC9E}.Release|Any CPU.Build.0 = Release|Any CPU
	EndGlobalSection
	GlobalSection(SolutionProperties) = preSolution
		HideSolutionNode = FALSE
	EndGlobalSection
	GlobalSection(ExtensibilityGlobals) = postSolution
		SolutionGuid = {256C026D-20BC-4814-B83C-6BC2B4EE265D}
	EndGlobalSection
EndGlobal
